// !$*UTF8*$!
{
	archiveVersion = 1;
	classes = {
	};
	objectVersion = 50;
	objects = {

/* Begin PBXBuildFile section */
		7712AD0E2963F7AB008E1959 /* HomeCollectionViewCell.swift in Sources */ = {isa = PBXBuildFile; fileRef = 7712AD0D2963F7AB008E1959 /* HomeCollectionViewCell.swift */; };
		7712AD1629640B61008E1959 /* HomePageVc.swift in Sources */ = {isa = PBXBuildFile; fileRef = 7712AD1529640B61008E1959 /* HomePageVc.swift */; };
		7712AD1929640DDB008E1959 /* HomePageController.swift in Sources */ = {isa = PBXBuildFile; fileRef = 7712AD1829640DDB008E1959 /* HomePageController.swift */; };
		7712AD1D296431F0008E1959 /* mapFile.xib in Resources */ = {isa = PBXBuildFile; fileRef = 7712AD1C296431F0008E1959 /* mapFile.xib */; };
		7712AD202964332D008E1959 /* HomeTableViewCell.swift in Sources */ = {isa = PBXBuildFile; fileRef = 7712AD1F2964332D008E1959 /* HomeTableViewCell.swift */; };
		7712AD2729646E62008E1959 /* Location Manager.swift in Sources */ = {isa = PBXBuildFile; fileRef = 7712AD2629646E62008E1959 /* Location Manager.swift */; };
		7712AD2C296482DB008E1959 /* SearchVc.swift in Sources */ = {isa = PBXBuildFile; fileRef = 7712AD2B296482DB008E1959 /* SearchVc.swift */; };
		77135206296296CD003CBBFC /* AppDelegate.swift in Sources */ = {isa = PBXBuildFile; fileRef = 77135205296296CD003CBBFC /* AppDelegate.swift */; };
		77135208296296CD003CBBFC /* SceneDelegate.swift in Sources */ = {isa = PBXBuildFile; fileRef = 77135207296296CD003CBBFC /* SceneDelegate.swift */; };
		7713520A296296CD003CBBFC /* SplashScreenVc.swift in Sources */ = {isa = PBXBuildFile; fileRef = 77135209296296CD003CBBFC /* SplashScreenVc.swift */; };
		7713520D296296CD003CBBFC /* Main.storyboard in Resources */ = {isa = PBXBuildFile; fileRef = 7713520B296296CD003CBBFC /* Main.storyboard */; };
		7713520F296296CE003CBBFC /* Assets.xcassets in Resources */ = {isa = PBXBuildFile; fileRef = 7713520E296296CE003CBBFC /* Assets.xcassets */; };
		77135212296296CE003CBBFC /* LaunchScreen.storyboard in Resources */ = {isa = PBXBuildFile; fileRef = 77135210296296CE003CBBFC /* LaunchScreen.storyboard */; };
		77489DC1296555C2005D6C33 /* HomeViewModel.swift in Sources */ = {isa = PBXBuildFile; fileRef = 77489DC0296555C2005D6C33 /* HomeViewModel.swift */; };
		77489DC729655997005D6C33 /* HomeNetwork.swift in Sources */ = {isa = PBXBuildFile; fileRef = 77489DC629655997005D6C33 /* HomeNetwork.swift */; };
		77664C6C2962B5F70056BDBE /* LogInVc.swift in Sources */ = {isa = PBXBuildFile; fileRef = 77664C6B2962B5F70056BDBE /* LogInVc.swift */; };
		77664C722962C1570056BDBE /* orLabel.swift in Sources */ = {isa = PBXBuildFile; fileRef = 77664C712962C1570056BDBE /* orLabel.swift */; };
		77664C752962C35C0056BDBE /* textFieldBorderRemove.swift in Sources */ = {isa = PBXBuildFile; fileRef = 77664C742962C35C0056BDBE /* textFieldBorderRemove.swift */; };
		77664C782962C47A0056BDBE /* LogInButton.swift in Sources */ = {isa = PBXBuildFile; fileRef = 77664C772962C47A0056BDBE /* LogInButton.swift */; };
		77664C7C2962CF5B0056BDBE /* HomeVc.swift in Sources */ = {isa = PBXBuildFile; fileRef = 77664C7B2962CF5B0056BDBE /* HomeVc.swift */; };
		77664C802962D54A0056BDBE /* RegisterVc.swift in Sources */ = {isa = PBXBuildFile; fileRef = 77664C7F2962D54A0056BDBE /* RegisterVc.swift */; };
		7776A3B02962DAEB00F6830D /* EmailValidationVc.swift in Sources */ = {isa = PBXBuildFile; fileRef = 7776A3AF2962DAEB00F6830D /* EmailValidationVc.swift */; };
		7776A3B32962DC5200F6830D /* VarifyOtpVc.swift in Sources */ = {isa = PBXBuildFile; fileRef = 7776A3B22962DC5200F6830D /* VarifyOtpVc.swift */; };
		7776A3B62962E03A00F6830D /* ResetPasswordVc.swift in Sources */ = {isa = PBXBuildFile; fileRef = 7776A3B52962E03A00F6830D /* ResetPasswordVc.swift */; };
		7776A3BA2962EE3F00F6830D /* RegisterVm.swift in Sources */ = {isa = PBXBuildFile; fileRef = 7776A3B92962EE3F00F6830D /* RegisterVm.swift */; };
		7776A3BD2962EF3A00F6830D /* Register_login_Netowork.swift in Sources */ = {isa = PBXBuildFile; fileRef = 7776A3BC2962EF3A00F6830D /* Register_login_Netowork.swift */; };
		7776A3C02962FB7700F6830D /* loginVm.swift in Sources */ = {isa = PBXBuildFile; fileRef = 7776A3BF2962FB7700F6830D /* loginVm.swift */; };
		7776A3C4296301A700F6830D /* OtpVarificationVm.swift in Sources */ = {isa = PBXBuildFile; fileRef = 7776A3C3296301A700F6830D /* OtpVarificationVm.swift */; };
		7776A3C7296303A700F6830D /* OtpVarificationNetwork.swift in Sources */ = {isa = PBXBuildFile; fileRef = 7776A3C6296303A700F6830D /* OtpVarificationNetwork.swift */; };
		7776A3CA296314D900F6830D /* ForgotPasswordVm.swift in Sources */ = {isa = PBXBuildFile; fileRef = 7776A3C9296314D900F6830D /* ForgotPasswordVm.swift */; };
		7776A3CD2963155B00F6830D /* ForgotPasswordNetwork.swift in Sources */ = {isa = PBXBuildFile; fileRef = 7776A3CC2963155B00F6830D /* ForgotPasswordNetwork.swift */; };
		77C1A4D129656F7500D6ECCC /* HomeDataModel.swift in Sources */ = {isa = PBXBuildFile; fileRef = 77C1A4D029656F7500D6ECCC /* HomeDataModel.swift */; };
		77C1A4D4296592E500D6ECCC /* SearchHeaderCell.swift in Sources */ = {isa = PBXBuildFile; fileRef = 77C1A4D3296592E500D6ECCC /* SearchHeaderCell.swift */; };
		77C1A4D72965932700D6ECCC /* SearchBodyCell.swift in Sources */ = {isa = PBXBuildFile; fileRef = 77C1A4D62965932700D6ECCC /* SearchBodyCell.swift */; };
		77C1A4DA2965A44B00D6ECCC /* SearchCollectionView.swift in Sources */ = {isa = PBXBuildFile; fileRef = 77C1A4D92965A44B00D6ECCC /* SearchCollectionView.swift */; };
		77C1A4DD2965A92100D6ECCC /* Search Button.swift in Sources */ = {isa = PBXBuildFile; fileRef = 77C1A4DC2965A92100D6ECCC /* Search Button.swift */; };
/* End PBXBuildFile section */

/* Begin PBXFileReference section */
		7712AD0D2963F7AB008E1959 /* HomeCollectionViewCell.swift */ = {isa = PBXFileReference; lastKnownFileType = sourcecode.swift; path = HomeCollectionViewCell.swift; sourceTree = "<group>"; };
		7712AD1529640B61008E1959 /* HomePageVc.swift */ = {isa = PBXFileReference; lastKnownFileType = sourcecode.swift; path = HomePageVc.swift; sourceTree = "<group>"; };
		7712AD1829640DDB008E1959 /* HomePageController.swift */ = {isa = PBXFileReference; lastKnownFileType = sourcecode.swift; path = HomePageController.swift; sourceTree = "<group>"; };
		7712AD1C296431F0008E1959 /* mapFile.xib */ = {isa = PBXFileReference; lastKnownFileType = file.xib; path = mapFile.xib; sourceTree = "<group>"; };
		7712AD1F2964332D008E1959 /* HomeTableViewCell.swift */ = {isa = PBXFileReference; lastKnownFileType = sourcecode.swift; path = HomeTableViewCell.swift; sourceTree = "<group>"; };
		7712AD2629646E62008E1959 /* Location Manager.swift */ = {isa = PBXFileReference; fileEncoding = 4; lastKnownFileType = sourcecode.swift; path = "Location Manager.swift"; sourceTree = "<group>"; };
		7712AD2B296482DB008E1959 /* SearchVc.swift */ = {isa = PBXFileReference; lastKnownFileType = sourcecode.swift; path = SearchVc.swift; sourceTree = "<group>"; };
		77135202296296CD003CBBFC /* FourSquareApp.app */ = {isa = PBXFileReference; explicitFileType = wrapper.application; includeInIndex = 0; path = FourSquareApp.app; sourceTree = BUILT_PRODUCTS_DIR; };
		77135205296296CD003CBBFC /* AppDelegate.swift */ = {isa = PBXFileReference; lastKnownFileType = sourcecode.swift; path = AppDelegate.swift; sourceTree = "<group>"; };
		77135207296296CD003CBBFC /* SceneDelegate.swift */ = {isa = PBXFileReference; lastKnownFileType = sourcecode.swift; path = SceneDelegate.swift; sourceTree = "<group>"; };
		77135209296296CD003CBBFC /* SplashScreenVc.swift */ = {isa = PBXFileReference; lastKnownFileType = sourcecode.swift; path = SplashScreenVc.swift; sourceTree = "<group>"; };
		7713520C296296CD003CBBFC /* Base */ = {isa = PBXFileReference; lastKnownFileType = file.storyboard; name = Base; path = Base.lproj/Main.storyboard; sourceTree = "<group>"; };
		7713520E296296CE003CBBFC /* Assets.xcassets */ = {isa = PBXFileReference; lastKnownFileType = folder.assetcatalog; path = Assets.xcassets; sourceTree = "<group>"; };
		77135211296296CE003CBBFC /* Base */ = {isa = PBXFileReference; lastKnownFileType = file.storyboard; name = Base; path = Base.lproj/LaunchScreen.storyboard; sourceTree = "<group>"; };
		77135213296296CE003CBBFC /* Info.plist */ = {isa = PBXFileReference; lastKnownFileType = text.plist.xml; path = Info.plist; sourceTree = "<group>"; };
		77489DC0296555C2005D6C33 /* HomeViewModel.swift */ = {isa = PBXFileReference; lastKnownFileType = sourcecode.swift; path = HomeViewModel.swift; sourceTree = "<group>"; };
		77489DC629655997005D6C33 /* HomeNetwork.swift */ = {isa = PBXFileReference; lastKnownFileType = sourcecode.swift; path = HomeNetwork.swift; sourceTree = "<group>"; };
		77664C6B2962B5F70056BDBE /* LogInVc.swift */ = {isa = PBXFileReference; lastKnownFileType = sourcecode.swift; path = LogInVc.swift; sourceTree = "<group>"; };
		77664C712962C1570056BDBE /* orLabel.swift */ = {isa = PBXFileReference; lastKnownFileType = sourcecode.swift; path = orLabel.swift; sourceTree = "<group>"; };
		77664C742962C35C0056BDBE /* textFieldBorderRemove.swift */ = {isa = PBXFileReference; lastKnownFileType = sourcecode.swift; path = textFieldBorderRemove.swift; sourceTree = "<group>"; };
		77664C772962C47A0056BDBE /* LogInButton.swift */ = {isa = PBXFileReference; lastKnownFileType = sourcecode.swift; path = LogInButton.swift; sourceTree = "<group>"; };
		77664C7B2962CF5B0056BDBE /* HomeVc.swift */ = {isa = PBXFileReference; lastKnownFileType = sourcecode.swift; path = HomeVc.swift; sourceTree = "<group>"; };
		77664C7F2962D54A0056BDBE /* RegisterVc.swift */ = {isa = PBXFileReference; lastKnownFileType = sourcecode.swift; path = RegisterVc.swift; sourceTree = "<group>"; };
		7776A3AF2962DAEB00F6830D /* EmailValidationVc.swift */ = {isa = PBXFileReference; lastKnownFileType = sourcecode.swift; path = EmailValidationVc.swift; sourceTree = "<group>"; };
		7776A3B22962DC5200F6830D /* VarifyOtpVc.swift */ = {isa = PBXFileReference; lastKnownFileType = sourcecode.swift; path = VarifyOtpVc.swift; sourceTree = "<group>"; };
		7776A3B52962E03A00F6830D /* ResetPasswordVc.swift */ = {isa = PBXFileReference; lastKnownFileType = sourcecode.swift; path = ResetPasswordVc.swift; sourceTree = "<group>"; };
		7776A3B92962EE3F00F6830D /* RegisterVm.swift */ = {isa = PBXFileReference; lastKnownFileType = sourcecode.swift; path = RegisterVm.swift; sourceTree = "<group>"; };
		7776A3BC2962EF3A00F6830D /* Register_login_Netowork.swift */ = {isa = PBXFileReference; lastKnownFileType = sourcecode.swift; path = Register_login_Netowork.swift; sourceTree = "<group>"; };
		7776A3BF2962FB7700F6830D /* loginVm.swift */ = {isa = PBXFileReference; lastKnownFileType = sourcecode.swift; path = loginVm.swift; sourceTree = "<group>"; };
		7776A3C3296301A700F6830D /* OtpVarificationVm.swift */ = {isa = PBXFileReference; lastKnownFileType = sourcecode.swift; path = OtpVarificationVm.swift; sourceTree = "<group>"; };
		7776A3C6296303A700F6830D /* OtpVarificationNetwork.swift */ = {isa = PBXFileReference; lastKnownFileType = sourcecode.swift; path = OtpVarificationNetwork.swift; sourceTree = "<group>"; };
		7776A3C9296314D900F6830D /* ForgotPasswordVm.swift */ = {isa = PBXFileReference; lastKnownFileType = sourcecode.swift; path = ForgotPasswordVm.swift; sourceTree = "<group>"; };
		7776A3CC2963155B00F6830D /* ForgotPasswordNetwork.swift */ = {isa = PBXFileReference; lastKnownFileType = sourcecode.swift; path = ForgotPasswordNetwork.swift; sourceTree = "<group>"; };
		77C1A4D029656F7500D6ECCC /* HomeDataModel.swift */ = {isa = PBXFileReference; lastKnownFileType = sourcecode.swift; path = HomeDataModel.swift; sourceTree = "<group>"; };
		77C1A4D3296592E500D6ECCC /* SearchHeaderCell.swift */ = {isa = PBXFileReference; lastKnownFileType = sourcecode.swift; path = SearchHeaderCell.swift; sourceTree = "<group>"; };
		77C1A4D62965932700D6ECCC /* SearchBodyCell.swift */ = {isa = PBXFileReference; lastKnownFileType = sourcecode.swift; path = SearchBodyCell.swift; sourceTree = "<group>"; };
		77C1A4D92965A44B00D6ECCC /* SearchCollectionView.swift */ = {isa = PBXFileReference; lastKnownFileType = sourcecode.swift; path = SearchCollectionView.swift; sourceTree = "<group>"; };
		77C1A4DC2965A92100D6ECCC /* Search Button.swift */ = {isa = PBXFileReference; lastKnownFileType = sourcecode.swift; path = "Search Button.swift"; sourceTree = "<group>"; };
/* End PBXFileReference section */

/* Begin PBXFrameworksBuildPhase section */
		771351FF296296CD003CBBFC /* Frameworks */ = {
			isa = PBXFrameworksBuildPhase;
			buildActionMask = 2147483647;
			files = (
			);
			runOnlyForDeploymentPostprocessing = 0;
		};
/* End PBXFrameworksBuildPhase section */

/* Begin PBXGroup section */
		7712AD0B2963F768008E1959 /* Cells */ = {
			isa = PBXGroup;
			children = (
				7712AD22296446F6008E1959 /* tableview cell */,
				7712AD0C2963F77F008E1959 /* collection view cell */,
			);
			path = Cells;
			sourceTree = "<group>";
		};
		7712AD0C2963F77F008E1959 /* collection view cell */ = {
			isa = PBXGroup;
			children = (
				7712AD0D2963F7AB008E1959 /* HomeCollectionViewCell.swift */,
				77C1A4D92965A44B00D6ECCC /* SearchCollectionView.swift */,
			);
			path = "collection view cell";
			sourceTree = "<group>";
		};
		7712AD1B296431D6008E1959 /* xibfiles */ = {
			isa = PBXGroup;
			children = (
				7712AD1C296431F0008E1959 /* mapFile.xib */,
				7712AD1F2964332D008E1959 /* HomeTableViewCell.swift */,
			);
			path = xibfiles;
			sourceTree = "<group>";
		};
		7712AD22296446F6008E1959 /* tableview cell */ = {
			isa = PBXGroup;
			children = (
				77C1A4D3296592E500D6ECCC /* SearchHeaderCell.swift */,
				77C1A4D62965932700D6ECCC /* SearchBodyCell.swift */,
			);
			path = "tableview cell";
			sourceTree = "<group>";
		};
		7712AD2A29648295008E1959 /* Search screen */ = {
			isa = PBXGroup;
			children = (
				7712AD2B296482DB008E1959 /* SearchVc.swift */,
			);
			path = "Search screen";
			sourceTree = "<group>";
		};
		771351F9296296CD003CBBFC = {
			isa = PBXGroup;
			children = (
				77135204296296CD003CBBFC /* FourSquareApp */,
				77135203296296CD003CBBFC /* Products */,
			);
			sourceTree = "<group>";
		};
		77135203296296CD003CBBFC /* Products */ = {
			isa = PBXGroup;
			children = (
				77135202296296CD003CBBFC /* FourSquareApp.app */,
			);
			name = Products;
			sourceTree = "<group>";
		};
		77135204296296CD003CBBFC /* FourSquareApp */ = {
			isa = PBXGroup;
			children = (
				7712AD1B296431D6008E1959 /* xibfiles */,
				77664C6F2962C1290056BDBE /* Custom Views */,
				77664C632962AFDE0056BDBE /* Delegate file */,
				77664C672962B0150056BDBE /* Network Manager */,
				77664C662962B0020056BDBE /* View Model */,
				77664C642962AFF10056BDBE /* C_ontroller */,
				77664C622962AFCA0056BDBE /* V_Iew */,
				77664C682962B02E0056BDBE /* M_odel */,
				7713520E296296CE003CBBFC /* Assets.xcassets */,
				77135210296296CE003CBBFC /* LaunchScreen.storyboard */,
				77135213296296CE003CBBFC /* Info.plist */,
			);
			path = FourSquareApp;
			sourceTree = "<group>";
		};
		77489DBD2965556E005D6C33 /* Login and registraion VM */ = {
			isa = PBXGroup;
			children = (
				7776A3B92962EE3F00F6830D /* RegisterVm.swift */,
				7776A3BF2962FB7700F6830D /* loginVm.swift */,
				7776A3C3296301A700F6830D /* OtpVarificationVm.swift */,
				7776A3C9296314D900F6830D /* ForgotPasswordVm.swift */,
			);
			path = "Login and registraion VM";
			sourceTree = "<group>";
		};
		77489DBE29655590005D6C33 /* Home VM */ = {
			isa = PBXGroup;
			children = (
				77489DC0296555C2005D6C33 /* HomeViewModel.swift */,
			);
			path = "Home VM";
			sourceTree = "<group>";
		};
		77489DC529655976005D6C33 /* HomeNetwork */ = {
			isa = PBXGroup;
			children = (
				77489DC629655997005D6C33 /* HomeNetwork.swift */,
			);
			path = HomeNetwork;
			sourceTree = "<group>";
		};
		77489DC929655AB1005D6C33 /* RegisterNetwork */ = {
			isa = PBXGroup;
			children = (
				7776A3CC2963155B00F6830D /* ForgotPasswordNetwork.swift */,
				7776A3C6296303A700F6830D /* OtpVarificationNetwork.swift */,
				7776A3BC2962EF3A00F6830D /* Register_login_Netowork.swift */,
			);
			path = RegisterNetwork;
			sourceTree = "<group>";
		};
		77664C622962AFCA0056BDBE /* V_Iew */ = {
			isa = PBXGroup;
			children = (
				7713520B296296CD003CBBFC /* Main.storyboard */,
			);
			path = V_Iew;
			sourceTree = "<group>";
		};
		77664C632962AFDE0056BDBE /* Delegate file */ = {
			isa = PBXGroup;
			children = (
				77135205296296CD003CBBFC /* AppDelegate.swift */,
				77135207296296CD003CBBFC /* SceneDelegate.swift */,
			);
			path = "Delegate file";
			sourceTree = "<group>";
		};
		77664C642962AFF10056BDBE /* C_ontroller */ = {
			isa = PBXGroup;
			children = (
				7712AD2A29648295008E1959 /* Search screen */,
				7712AD0B2963F768008E1959 /* Cells */,
				77664C7A2962CF410056BDBE /* Home */,
				77664C6A2962B5D30056BDBE /* Log in, Register, Varify, RestPassword */,
				77135209296296CD003CBBFC /* SplashScreenVc.swift */,
			);
			path = C_ontroller;
			sourceTree = "<group>";
		};
		77664C662962B0020056BDBE /* View Model */ = {
			isa = PBXGroup;
			children = (
				77489DBE29655590005D6C33 /* Home VM */,
				77489DBD2965556E005D6C33 /* Login and registraion VM */,
			);
			path = "View Model";
			sourceTree = "<group>";
		};
		77664C672962B0150056BDBE /* Network Manager */ = {
			isa = PBXGroup;
			children = (
				77489DC929655AB1005D6C33 /* RegisterNetwork */,
				77489DC529655976005D6C33 /* HomeNetwork */,
			);
			path = "Network Manager";
			sourceTree = "<group>";
		};
		77664C682962B02E0056BDBE /* M_odel */ = {
			isa = PBXGroup;
			children = (
				77C1A4D029656F7500D6ECCC /* HomeDataModel.swift */,
			);
			path = M_odel;
			sourceTree = "<group>";
		};
		77664C6A2962B5D30056BDBE /* Log in, Register, Varify, RestPassword */ = {
			isa = PBXGroup;
			children = (
				77664C6B2962B5F70056BDBE /* LogInVc.swift */,
				77664C7F2962D54A0056BDBE /* RegisterVc.swift */,
				7776A3AF2962DAEB00F6830D /* EmailValidationVc.swift */,
				7776A3B22962DC5200F6830D /* VarifyOtpVc.swift */,
				7776A3B52962E03A00F6830D /* ResetPasswordVc.swift */,
			);
			path = "Log in, Register, Varify, RestPassword";
			sourceTree = "<group>";
		};
		77664C6F2962C1290056BDBE /* Custom Views */ = {
			isa = PBXGroup;
			children = (
				77664C712962C1570056BDBE /* orLabel.swift */,
				77664C742962C35C0056BDBE /* textFieldBorderRemove.swift */,
				77664C772962C47A0056BDBE /* LogInButton.swift */,
				77C1A4DC2965A92100D6ECCC /* Search Button.swift */,
			);
			path = "Custom Views";
			sourceTree = "<group>";
		};
		77664C7A2962CF410056BDBE /* Home */ = {
			isa = PBXGroup;
			children = (
				77664C7B2962CF5B0056BDBE /* HomeVc.swift */,
				7712AD1529640B61008E1959 /* HomePageVc.swift */,
				7712AD1829640DDB008E1959 /* HomePageController.swift */,
				7712AD2629646E62008E1959 /* Location Manager.swift */,
			);
			path = Home;
			sourceTree = "<group>";
		};
/* End PBXGroup section */

/* Begin PBXNativeTarget section */
		77135201296296CD003CBBFC /* FourSquareApp */ = {
			isa = PBXNativeTarget;
			buildConfigurationList = 77135216296296CE003CBBFC /* Build configuration list for PBXNativeTarget "FourSquareApp" */;
			buildPhases = (
				771351FE296296CD003CBBFC /* Sources */,
				771351FF296296CD003CBBFC /* Frameworks */,
				77135200296296CD003CBBFC /* Resources */,
			);
			buildRules = (
			);
			dependencies = (
			);
			name = FourSquareApp;
			productName = FourSquareApp;
			productReference = 77135202296296CD003CBBFC /* FourSquareApp.app */;
			productType = "com.apple.product-type.application";
		};
/* End PBXNativeTarget section */

/* Begin PBXProject section */
		771351FA296296CD003CBBFC /* Project object */ = {
			isa = PBXProject;
			attributes = {
				LastSwiftUpdateCheck = 1240;
				LastUpgradeCheck = 1240;
				TargetAttributes = {
					77135201296296CD003CBBFC = {
						CreatedOnToolsVersion = 12.4;
					};
				};
			};
			buildConfigurationList = 771351FD296296CD003CBBFC /* Build configuration list for PBXProject "FourSquareApp" */;
			compatibilityVersion = "Xcode 9.3";
			developmentRegion = en;
			hasScannedForEncodings = 0;
			knownRegions = (
				en,
				Base,
			);
			mainGroup = 771351F9296296CD003CBBFC;
			productRefGroup = 77135203296296CD003CBBFC /* Products */;
			projectDirPath = "";
			projectRoot = "";
			targets = (
				77135201296296CD003CBBFC /* FourSquareApp */,
			);
		};
/* End PBXProject section */

/* Begin PBXResourcesBuildPhase section */
		77135200296296CD003CBBFC /* Resources */ = {
			isa = PBXResourcesBuildPhase;
			buildActionMask = 2147483647;
			files = (
				77135212296296CE003CBBFC /* LaunchScreen.storyboard in Resources */,
				7713520F296296CE003CBBFC /* Assets.xcassets in Resources */,
				7712AD1D296431F0008E1959 /* mapFile.xib in Resources */,
				7713520D296296CD003CBBFC /* Main.storyboard in Resources */,
			);
			runOnlyForDeploymentPostprocessing = 0;
		};
/* End PBXResourcesBuildPhase section */

/* Begin PBXSourcesBuildPhase section */
		771351FE296296CD003CBBFC /* Sources */ = {
			isa = PBXSourcesBuildPhase;
			buildActionMask = 2147483647;
			files = (
				77C1A4DD2965A92100D6ECCC /* Search Button.swift in Sources */,
				7776A3C02962FB7700F6830D /* loginVm.swift in Sources */,
				7712AD2C296482DB008E1959 /* SearchVc.swift in Sources */,
				7776A3CD2963155B00F6830D /* ForgotPasswordNetwork.swift in Sources */,
				7713520A296296CD003CBBFC /* SplashScreenVc.swift in Sources */,
				77664C7C2962CF5B0056BDBE /* HomeVc.swift in Sources */,
				77664C752962C35C0056BDBE /* textFieldBorderRemove.swift in Sources */,
				77664C782962C47A0056BDBE /* LogInButton.swift in Sources */,
				7776A3C7296303A700F6830D /* OtpVarificationNetwork.swift in Sources */,
				77135206296296CD003CBBFC /* AppDelegate.swift in Sources */,
				77C1A4D4296592E500D6ECCC /* SearchHeaderCell.swift in Sources */,
				7712AD1629640B61008E1959 /* HomePageVc.swift in Sources */,
				7776A3BD2962EF3A00F6830D /* Register_login_Netowork.swift in Sources */,
				7776A3CA296314D900F6830D /* ForgotPasswordVm.swift in Sources */,
				77489DC729655997005D6C33 /* HomeNetwork.swift in Sources */,
				7776A3C4296301A700F6830D /* OtpVarificationVm.swift in Sources */,
				77664C6C2962B5F70056BDBE /* LogInVc.swift in Sources */,
				7712AD2729646E62008E1959 /* Location Manager.swift in Sources */,
				7776A3B32962DC5200F6830D /* VarifyOtpVc.swift in Sources */,
				7776A3B62962E03A00F6830D /* ResetPasswordVc.swift in Sources */,
				77C1A4D129656F7500D6ECCC /* HomeDataModel.swift in Sources */,
				77135208296296CD003CBBFC /* SceneDelegate.swift in Sources */,
				77C1A4D72965932700D6ECCC /* SearchBodyCell.swift in Sources */,
				77C1A4DA2965A44B00D6ECCC /* SearchCollectionView.swift in Sources */,
				7712AD0E2963F7AB008E1959 /* HomeCollectionViewCell.swift in Sources */,
				7712AD202964332D008E1959 /* HomeTableViewCell.swift in Sources */,
				77664C722962C1570056BDBE /* orLabel.swift in Sources */,
				7776A3B02962DAEB00F6830D /* EmailValidationVc.swift in Sources */,
				7776A3BA2962EE3F00F6830D /* RegisterVm.swift in Sources */,
				77489DC1296555C2005D6C33 /* HomeViewModel.swift in Sources */,
				77664C802962D54A0056BDBE /* RegisterVc.swift in Sources */,
				7712AD1929640DDB008E1959 /* HomePageController.swift in Sources */,
			);
			runOnlyForDeploymentPostprocessing = 0;
		};
/* End PBXSourcesBuildPhase section */

/* Begin PBXVariantGroup section */
		7713520B296296CD003CBBFC /* Main.storyboard */ = {
			isa = PBXVariantGroup;
			children = (
				7713520C296296CD003CBBFC /* Base */,
			);
			name = Main.storyboard;
			sourceTree = "<group>";
		};
		77135210296296CE003CBBFC /* LaunchScreen.storyboard */ = {
			isa = PBXVariantGroup;
			children = (
				77135211296296CE003CBBFC /* Base */,
			);
			name = LaunchScreen.storyboard;
			sourceTree = "<group>";
		};
/* End PBXVariantGroup section */

/* Begin XCBuildConfiguration section */
		77135214296296CE003CBBFC /* Debug */ = {
			isa = XCBuildConfiguration;
			buildSettings = {
				ALWAYS_SEARCH_USER_PATHS = NO;
				CLANG_ANALYZER_NONNULL = YES;
				CLANG_ANALYZER_NUMBER_OBJECT_CONVERSION = YES_AGGRESSIVE;
				CLANG_CXX_LANGUAGE_STANDARD = "gnu++14";
				CLANG_CXX_LIBRARY = "libc++";
				CLANG_ENABLE_MODULES = YES;
				CLANG_ENABLE_OBJC_ARC = YES;
				CLANG_ENABLE_OBJC_WEAK = YES;
				CLANG_WARN_BLOCK_CAPTURE_AUTORELEASING = YES;
				CLANG_WARN_BOOL_CONVERSION = YES;
				CLANG_WARN_COMMA = YES;
				CLANG_WARN_CONSTANT_CONVERSION = YES;
				CLANG_WARN_DEPRECATED_OBJC_IMPLEMENTATIONS = YES;
				CLANG_WARN_DIRECT_OBJC_ISA_USAGE = YES_ERROR;
				CLANG_WARN_DOCUMENTATION_COMMENTS = YES;
				CLANG_WARN_EMPTY_BODY = YES;
				CLANG_WARN_ENUM_CONVERSION = YES;
				CLANG_WARN_INFINITE_RECURSION = YES;
				CLANG_WARN_INT_CONVERSION = YES;
				CLANG_WARN_NON_LITERAL_NULL_CONVERSION = YES;
				CLANG_WARN_OBJC_IMPLICIT_RETAIN_SELF = YES;
				CLANG_WARN_OBJC_LITERAL_CONVERSION = YES;
				CLANG_WARN_OBJC_ROOT_CLASS = YES_ERROR;
				CLANG_WARN_QUOTED_INCLUDE_IN_FRAMEWORK_HEADER = YES;
				CLANG_WARN_RANGE_LOOP_ANALYSIS = YES;
				CLANG_WARN_STRICT_PROTOTYPES = YES;
				CLANG_WARN_SUSPICIOUS_MOVE = YES;
				CLANG_WARN_UNGUARDED_AVAILABILITY = YES_AGGRESSIVE;
				CLANG_WARN_UNREACHABLE_CODE = YES;
				CLANG_WARN__DUPLICATE_METHOD_MATCH = YES;
				COPY_PHASE_STRIP = NO;
				DEBUG_INFORMATION_FORMAT = dwarf;
				ENABLE_STRICT_OBJC_MSGSEND = YES;
				ENABLE_TESTABILITY = YES;
				GCC_C_LANGUAGE_STANDARD = gnu11;
				GCC_DYNAMIC_NO_PIC = NO;
				GCC_NO_COMMON_BLOCKS = YES;
				GCC_OPTIMIZATION_LEVEL = 0;
				GCC_PREPROCESSOR_DEFINITIONS = (
					"DEBUG=1",
					"$(inherited)",
				);
				GCC_WARN_64_TO_32_BIT_CONVERSION = YES;
				GCC_WARN_ABOUT_RETURN_TYPE = YES_ERROR;
				GCC_WARN_UNDECLARED_SELECTOR = YES;
				GCC_WARN_UNINITIALIZED_AUTOS = YES_AGGRESSIVE;
				GCC_WARN_UNUSED_FUNCTION = YES;
				GCC_WARN_UNUSED_VARIABLE = YES;
				IPHONEOS_DEPLOYMENT_TARGET = 14.4;
				MTL_ENABLE_DEBUG_INFO = INCLUDE_SOURCE;
				MTL_FAST_MATH = YES;
				ONLY_ACTIVE_ARCH = YES;
				SDKROOT = iphoneos;
				SWIFT_ACTIVE_COMPILATION_CONDITIONS = DEBUG;
				SWIFT_OPTIMIZATION_LEVEL = "-Onone";
			};
			name = Debug;
		};
		77135215296296CE003CBBFC /* Release */ = {
			isa = XCBuildConfiguration;
			buildSettings = {
				ALWAYS_SEARCH_USER_PATHS = NO;
				CLANG_ANALYZER_NONNULL = YES;
				CLANG_ANALYZER_NUMBER_OBJECT_CONVERSION = YES_AGGRESSIVE;
				CLANG_CXX_LANGUAGE_STANDARD = "gnu++14";
				CLANG_CXX_LIBRARY = "libc++";
				CLANG_ENABLE_MODULES = YES;
				CLANG_ENABLE_OBJC_ARC = YES;
				CLANG_ENABLE_OBJC_WEAK = YES;
				CLANG_WARN_BLOCK_CAPTURE_AUTORELEASING = YES;
				CLANG_WARN_BOOL_CONVERSION = YES;
				CLANG_WARN_COMMA = YES;
				CLANG_WARN_CONSTANT_CONVERSION = YES;
				CLANG_WARN_DEPRECATED_OBJC_IMPLEMENTATIONS = YES;
				CLANG_WARN_DIRECT_OBJC_ISA_USAGE = YES_ERROR;
				CLANG_WARN_DOCUMENTATION_COMMENTS = YES;
				CLANG_WARN_EMPTY_BODY = YES;
				CLANG_WARN_ENUM_CONVERSION = YES;
				CLANG_WARN_INFINITE_RECURSION = YES;
				CLANG_WARN_INT_CONVERSION = YES;
				CLANG_WARN_NON_LITERAL_NULL_CONVERSION = YES;
				CLANG_WARN_OBJC_IMPLICIT_RETAIN_SELF = YES;
				CLANG_WARN_OBJC_LITERAL_CONVERSION = YES;
				CLANG_WARN_OBJC_ROOT_CLASS = YES_ERROR;
				CLANG_WARN_QUOTED_INCLUDE_IN_FRAMEWORK_HEADER = YES;
				CLANG_WARN_RANGE_LOOP_ANALYSIS = YES;
				CLANG_WARN_STRICT_PROTOTYPES = YES;
				CLANG_WARN_SUSPICIOUS_MOVE = YES;
				CLANG_WARN_UNGUARDED_AVAILABILITY = YES_AGGRESSIVE;
				CLANG_WARN_UNREACHABLE_CODE = YES;
				CLANG_WARN__DUPLICATE_METHOD_MATCH = YES;
				COPY_PHASE_STRIP = NO;
				DEBUG_INFORMATION_FORMAT = "dwarf-with-dsym";
				ENABLE_NS_ASSERTIONS = NO;
				ENABLE_STRICT_OBJC_MSGSEND = YES;
				GCC_C_LANGUAGE_STANDARD = gnu11;
				GCC_NO_COMMON_BLOCKS = YES;
				GCC_WARN_64_TO_32_BIT_CONVERSION = YES;
				GCC_WARN_ABOUT_RETURN_TYPE = YES_ERROR;
				GCC_WARN_UNDECLARED_SELECTOR = YES;
				GCC_WARN_UNINITIALIZED_AUTOS = YES_AGGRESSIVE;
				GCC_WARN_UNUSED_FUNCTION = YES;
				GCC_WARN_UNUSED_VARIABLE = YES;
				IPHONEOS_DEPLOYMENT_TARGET = 14.4;
				MTL_ENABLE_DEBUG_INFO = NO;
				MTL_FAST_MATH = YES;
				SDKROOT = iphoneos;
				SWIFT_COMPILATION_MODE = wholemodule;
				SWIFT_OPTIMIZATION_LEVEL = "-O";
				VALIDATE_PRODUCT = YES;
			};
			name = Release;
		};
		77135217296296CE003CBBFC /* Debug */ = {
			isa = XCBuildConfiguration;
			buildSettings = {
				ASSETCATALOG_COMPILER_APPICON_NAME = AppIcon;
				ASSETCATALOG_COMPILER_GLOBAL_ACCENT_COLOR_NAME = AccentColor;
				CODE_SIGN_STYLE = Automatic;
				INFOPLIST_FILE = FourSquareApp/Info.plist;
				LD_RUNPATH_SEARCH_PATHS = (
					"$(inherited)",
					"@executable_path/Frameworks",
				);
				PRODUCT_BUNDLE_IDENTIFIER = Mundaragi.FourSquareApp;
				PRODUCT_NAME = "$(TARGET_NAME)";
				SWIFT_VERSION = 5.0;
				TARGETED_DEVICE_FAMILY = "1,2";
			};
			name = Debug;
		};
		77135218296296CE003CBBFC /* Release */ = {
			isa = XCBuildConfiguration;
			buildSettings = {
				ASSETCATALOG_COMPILER_APPICON_NAME = AppIcon;
				ASSETCATALOG_COMPILER_GLOBAL_ACCENT_COLOR_NAME = AccentColor;
				CODE_SIGN_STYLE = Automatic;
				INFOPLIST_FILE = FourSquareApp/Info.plist;
				LD_RUNPATH_SEARCH_PATHS = (
					"$(inherited)",
					"@executable_path/Frameworks",
				);
				PRODUCT_BUNDLE_IDENTIFIER = Mundaragi.FourSquareApp;
				PRODUCT_NAME = "$(TARGET_NAME)";
				SWIFT_VERSION = 5.0;
				TARGETED_DEVICE_FAMILY = "1,2";
			};
			name = Release;
		};
/* End XCBuildConfiguration section */

/* Begin XCConfigurationList section */
		771351FD296296CD003CBBFC /* Build configuration list for PBXProject "FourSquareApp" */ = {
			isa = XCConfigurationList;
			buildConfigurations = (
				77135214296296CE003CBBFC /* Debug */,
				77135215296296CE003CBBFC /* Release */,
			);
			defaultConfigurationIsVisible = 0;
			defaultConfigurationName = Release;
		};
		77135216296296CE003CBBFC /* Build configuration list for PBXNativeTarget "FourSquareApp" */ = {
			isa = XCConfigurationList;
			buildConfigurations = (
				77135217296296CE003CBBFC /* Debug */,
				77135218296296CE003CBBFC /* Release */,
			);
			defaultConfigurationIsVisible = 0;
			defaultConfigurationName = Release;
		};
/* End XCConfigurationList section */
	};
	rootObject = 771351FA296296CD003CBBFC /* Project object */;
}
