// !$*UTF8*$!
{
	archiveVersion = 1;
	classes = {
	};
	objectVersion = 50;
	objects = {

/* Begin PBXBuildFile section */
		77135206296296CD003CBBFC /* AppDelegate.swift in Sources */ = {isa = PBXBuildFile; fileRef = 77135205296296CD003CBBFC /* AppDelegate.swift */; };
		77135208296296CD003CBBFC /* SceneDelegate.swift in Sources */ = {isa = PBXBuildFile; fileRef = 77135207296296CD003CBBFC /* SceneDelegate.swift */; };
		7713520A296296CD003CBBFC /* SplashScreenVc.swift in Sources */ = {isa = PBXBuildFile; fileRef = 77135209296296CD003CBBFC /* SplashScreenVc.swift */; };
		7713520D296296CD003CBBFC /* Main.storyboard in Resources */ = {isa = PBXBuildFile; fileRef = 7713520B296296CD003CBBFC /* Main.storyboard */; };
		7713520F296296CE003CBBFC /* Assets.xcassets in Resources */ = {isa = PBXBuildFile; fileRef = 7713520E296296CE003CBBFC /* Assets.xcassets */; };
		77135212296296CE003CBBFC /* LaunchScreen.storyboard in Resources */ = {isa = PBXBuildFile; fileRef = 77135210296296CE003CBBFC /* LaunchScreen.storyboard */; };
		77664C6C2962B5F70056BDBE /* LogInVc.swift in Sources */ = {isa = PBXBuildFile; fileRef = 77664C6B2962B5F70056BDBE /* LogInVc.swift */; };
		77664C722962C1570056BDBE /* orLabel.swift in Sources */ = {isa = PBXBuildFile; fileRef = 77664C712962C1570056BDBE /* orLabel.swift */; };
		77664C752962C35C0056BDBE /* textFieldBorderRemove.swift in Sources */ = {isa = PBXBuildFile; fileRef = 77664C742962C35C0056BDBE /* textFieldBorderRemove.swift */; };
		77664C782962C47A0056BDBE /* LogInButton.swift in Sources */ = {isa = PBXBuildFile; fileRef = 77664C772962C47A0056BDBE /* LogInButton.swift */; };
		77664C7C2962CF5B0056BDBE /* HomeVc.swift in Sources */ = {isa = PBXBuildFile; fileRef = 77664C7B2962CF5B0056BDBE /* HomeVc.swift */; };
		77664C802962D54A0056BDBE /* RegisterVc.swift in Sources */ = {isa = PBXBuildFile; fileRef = 77664C7F2962D54A0056BDBE /* RegisterVc.swift */; };
/* End PBXBuildFile section */

/* Begin PBXFileReference section */
		77135202296296CD003CBBFC /* FourSquareApp.app */ = {isa = PBXFileReference; explicitFileType = wrapper.application; includeInIndex = 0; path = FourSquareApp.app; sourceTree = BUILT_PRODUCTS_DIR; };
		77135205296296CD003CBBFC /* AppDelegate.swift */ = {isa = PBXFileReference; lastKnownFileType = sourcecode.swift; path = AppDelegate.swift; sourceTree = "<group>"; };
		77135207296296CD003CBBFC /* SceneDelegate.swift */ = {isa = PBXFileReference; lastKnownFileType = sourcecode.swift; path = SceneDelegate.swift; sourceTree = "<group>"; };
		77135209296296CD003CBBFC /* SplashScreenVc.swift */ = {isa = PBXFileReference; lastKnownFileType = sourcecode.swift; path = SplashScreenVc.swift; sourceTree = "<group>"; };
		7713520C296296CD003CBBFC /* Base */ = {isa = PBXFileReference; lastKnownFileType = file.storyboard; name = Base; path = Base.lproj/Main.storyboard; sourceTree = "<group>"; };
		7713520E296296CE003CBBFC /* Assets.xcassets */ = {isa = PBXFileReference; lastKnownFileType = folder.assetcatalog; path = Assets.xcassets; sourceTree = "<group>"; };
		77135211296296CE003CBBFC /* Base */ = {isa = PBXFileReference; lastKnownFileType = file.storyboard; name = Base; path = Base.lproj/LaunchScreen.storyboard; sourceTree = "<group>"; };
		77135213296296CE003CBBFC /* Info.plist */ = {isa = PBXFileReference; lastKnownFileType = text.plist.xml; path = Info.plist; sourceTree = "<group>"; };
		77664C6B2962B5F70056BDBE /* LogInVc.swift */ = {isa = PBXFileReference; lastKnownFileType = sourcecode.swift; path = LogInVc.swift; sourceTree = "<group>"; };
		77664C712962C1570056BDBE /* orLabel.swift */ = {isa = PBXFileReference; lastKnownFileType = sourcecode.swift; path = orLabel.swift; sourceTree = "<group>"; };
		77664C742962C35C0056BDBE /* textFieldBorderRemove.swift */ = {isa = PBXFileReference; lastKnownFileType = sourcecode.swift; path = textFieldBorderRemove.swift; sourceTree = "<group>"; };
		77664C772962C47A0056BDBE /* LogInButton.swift */ = {isa = PBXFileReference; lastKnownFileType = sourcecode.swift; path = LogInButton.swift; sourceTree = "<group>"; };
		77664C7B2962CF5B0056BDBE /* HomeVc.swift */ = {isa = PBXFileReference; lastKnownFileType = sourcecode.swift; path = HomeVc.swift; sourceTree = "<group>"; };
		77664C7F2962D54A0056BDBE /* RegisterVc.swift */ = {isa = PBXFileReference; lastKnownFileType = sourcecode.swift; path = RegisterVc.swift; sourceTree = "<group>"; };
/* End PBXFileReference section */

/* Begin PBXFrameworksBuildPhase section */
		771351FF296296CD003CBBFC /* Frameworks */ = {
			isa = PBXFrameworksBuildPhase;
			buildActionMask = 2147483647;
			files = (
			);
			runOnlyForDeploymentPostprocessing = 0;
		};
/* End PBXFrameworksBuildPhase section */

/* Begin PBXGroup section */
		771351F9296296CD003CBBFC = {
			isa = PBXGroup;
			children = (
				77135204296296CD003CBBFC /* FourSquareApp */,
				77135203296296CD003CBBFC /* Products */,
			);
			sourceTree = "<group>";
		};
		77135203296296CD003CBBFC /* Products */ = {
			isa = PBXGroup;
			children = (
				77135202296296CD003CBBFC /* FourSquareApp.app */,
			);
			name = Products;
			sourceTree = "<group>";
		};
		77135204296296CD003CBBFC /* FourSquareApp */ = {
			isa = PBXGroup;
			children = (
				77664C6F2962C1290056BDBE /* Custom Views */,
				77664C632962AFDE0056BDBE /* Delegate file */,
				77664C672962B0150056BDBE /* Network Manager */,
				77664C662962B0020056BDBE /* View Model */,
				77664C642962AFF10056BDBE /* C_ontroller */,
				77664C622962AFCA0056BDBE /* V_Iew */,
				77664C682962B02E0056BDBE /* M_odel */,
				7713520E296296CE003CBBFC /* Assets.xcassets */,
				77135210296296CE003CBBFC /* LaunchScreen.storyboard */,
				77135213296296CE003CBBFC /* Info.plist */,
			);
			path = FourSquareApp;
			sourceTree = "<group>";
		};
		77664C622962AFCA0056BDBE /* V_Iew */ = {
			isa = PBXGroup;
			children = (
				7713520B296296CD003CBBFC /* Main.storyboard */,
			);
			path = V_Iew;
			sourceTree = "<group>";
		};
		77664C632962AFDE0056BDBE /* Delegate file */ = {
			isa = PBXGroup;
			children = (
				77135205296296CD003CBBFC /* AppDelegate.swift */,
				77135207296296CD003CBBFC /* SceneDelegate.swift */,
			);
			path = "Delegate file";
			sourceTree = "<group>";
		};
		77664C642962AFF10056BDBE /* C_ontroller */ = {
			isa = PBXGroup;
			children = (
				77664C7A2962CF410056BDBE /* Home */,
				77664C6A2962B5D30056BDBE /* Log in, Register, Varify, RestPassword */,
				77135209296296CD003CBBFC /* SplashScreenVc.swift */,
			);
			path = C_ontroller;
			sourceTree = "<group>";
		};
		77664C662962B0020056BDBE /* View Model */ = {
			isa = PBXGroup;
			children = (
			);
			path = "View Model";
			sourceTree = "<group>";
		};
		77664C672962B0150056BDBE /* Network Manager */ = {
			isa = PBXGroup;
			children = (
			);
			path = "Network Manager";
			sourceTree = "<group>";
		};
		77664C682962B02E0056BDBE /* M_odel */ = {
			isa = PBXGroup;
			children = (
			);
			path = M_odel;
			sourceTree = "<group>";
		};
		77664C6A2962B5D30056BDBE /* Log in, Register, Varify, RestPassword */ = {
			isa = PBXGroup;
			children = (
				77664C6B2962B5F70056BDBE /* LogInVc.swift */,
				77664C7F2962D54A0056BDBE /* RegisterVc.swift */,
			);
			path = "Log in, Register, Varify, RestPassword";
			sourceTree = "<group>";
		};
		77664C6F2962C1290056BDBE /* Custom Views */ = {
			isa = PBXGroup;
			children = (
				77664C712962C1570056BDBE /* orLabel.swift */,
				77664C742962C35C0056BDBE /* textFieldBorderRemove.swift */,
				77664C772962C47A0056BDBE /* LogInButton.swift */,
			);
			path = "Custom Views";
			sourceTree = "<group>";
		};
		77664C7A2962CF410056BDBE /* Home */ = {
			isa = PBXGroup;
			children = (
				77664C7B2962CF5B0056BDBE /* HomeVc.swift */,
			);
			path = Home;
			sourceTree = "<group>";
		};
/* End PBXGroup section */

/* Begin PBXNativeTarget section */
		77135201296296CD003CBBFC /* FourSquareApp */ = {
			isa = PBXNativeTarget;
			buildConfigurationList = 77135216296296CE003CBBFC /* Build configuration list for PBXNativeTarget "FourSquareApp" */;
			buildPhases = (
				771351FE296296CD003CBBFC /* Sources */,
				771351FF296296CD003CBBFC /* Frameworks */,
				77135200296296CD003CBBFC /* Resources */,
			);
			buildRules = (
			);
			dependencies = (
			);
			name = FourSquareApp;
			productName = FourSquareApp;
			productReference = 77135202296296CD003CBBFC /* FourSquareApp.app */;
			productType = "com.apple.product-type.application";
		};
/* End PBXNativeTarget section */

/* Begin PBXProject section */
		771351FA296296CD003CBBFC /* Project object */ = {
			isa = PBXProject;
			attributes = {
				LastSwiftUpdateCheck = 1240;
				LastUpgradeCheck = 1240;
				TargetAttributes = {
					77135201296296CD003CBBFC = {
						CreatedOnToolsVersion = 12.4;
					};
				};
			};
			buildConfigurationList = 771351FD296296CD003CBBFC /* Build configuration list for PBXProject "FourSquareApp" */;
			compatibilityVersion = "Xcode 9.3";
			developmentRegion = en;
			hasScannedForEncodings = 0;
			knownRegions = (
				en,
				Base,
			);
			mainGroup = 771351F9296296CD003CBBFC;
			productRefGroup = 77135203296296CD003CBBFC /* Products */;
			projectDirPath = "";
			projectRoot = "";
			targets = (
				77135201296296CD003CBBFC /* FourSquareApp */,
			);
		};
/* End PBXProject section */

/* Begin PBXResourcesBuildPhase section */
		77135200296296CD003CBBFC /* Resources */ = {
			isa = PBXResourcesBuildPhase;
			buildActionMask = 2147483647;
			files = (
				77135212296296CE003CBBFC /* LaunchScreen.storyboard in Resources */,
				7713520F296296CE003CBBFC /* Assets.xcassets in Resources */,
				7713520D296296CD003CBBFC /* Main.storyboard in Resources */,
			);
			runOnlyForDeploymentPostprocessing = 0;
		};
/* End PBXResourcesBuildPhase section */

/* Begin PBXSourcesBuildPhase section */
		771351FE296296CD003CBBFC /* Sources */ = {
			isa = PBXSourcesBuildPhase;
			buildActionMask = 2147483647;
			files = (
				7713520A296296CD003CBBFC /* SplashScreenVc.swift in Sources */,
				77664C7C2962CF5B0056BDBE /* HomeVc.swift in Sources */,
				77664C752962C35C0056BDBE /* textFieldBorderRemove.swift in Sources */,
				77664C782962C47A0056BDBE /* LogInButton.swift in Sources */,
				77135206296296CD003CBBFC /* AppDelegate.swift in Sources */,
				77664C6C2962B5F70056BDBE /* LogInVc.swift in Sources */,
				77135208296296CD003CBBFC /* SceneDelegate.swift in Sources */,
				77664C722962C1570056BDBE /* orLabel.swift in Sources */,
				77664C802962D54A0056BDBE /* RegisterVc.swift in Sources */,
			);
			runOnlyForDeploymentPostprocessing = 0;
		};
/* End PBXSourcesBuildPhase section */

/* Begin PBXVariantGroup section */
		7713520B296296CD003CBBFC /* Main.storyboard */ = {
			isa = PBXVariantGroup;
			children = (
				7713520C296296CD003CBBFC /* Base */,
			);
			name = Main.storyboard;
			sourceTree = "<group>";
		};
		77135210296296CE003CBBFC /* LaunchScreen.storyboard */ = {
			isa = PBXVariantGroup;
			children = (
				77135211296296CE003CBBFC /* Base */,
			);
			name = LaunchScreen.storyboard;
			sourceTree = "<group>";
		};
/* End PBXVariantGroup section */

/* Begin XCBuildConfiguration section */
		77135214296296CE003CBBFC /* Debug */ = {
			isa = XCBuildConfiguration;
			buildSettings = {
				ALWAYS_SEARCH_USER_PATHS = NO;
				CLANG_ANALYZER_NONNULL = YES;
				CLANG_ANALYZER_NUMBER_OBJECT_CONVERSION = YES_AGGRESSIVE;
				CLANG_CXX_LANGUAGE_STANDARD = "gnu++14";
				CLANG_CXX_LIBRARY = "libc++";
				CLANG_ENABLE_MODULES = YES;
				CLANG_ENABLE_OBJC_ARC = YES;
				CLANG_ENABLE_OBJC_WEAK = YES;
				CLANG_WARN_BLOCK_CAPTURE_AUTORELEASING = YES;
				CLANG_WARN_BOOL_CONVERSION = YES;
				CLANG_WARN_COMMA = YES;
				CLANG_WARN_CONSTANT_CONVERSION = YES;
				CLANG_WARN_DEPRECATED_OBJC_IMPLEMENTATIONS = YES;
				CLANG_WARN_DIRECT_OBJC_ISA_USAGE = YES_ERROR;
				CLANG_WARN_DOCUMENTATION_COMMENTS = YES;
				CLANG_WARN_EMPTY_BODY = YES;
				CLANG_WARN_ENUM_CONVERSION = YES;
				CLANG_WARN_INFINITE_RECURSION = YES;
				CLANG_WARN_INT_CONVERSION = YES;
				CLANG_WARN_NON_LITERAL_NULL_CONVERSION = YES;
				CLANG_WARN_OBJC_IMPLICIT_RETAIN_SELF = YES;
				CLANG_WARN_OBJC_LITERAL_CONVERSION = YES;
				CLANG_WARN_OBJC_ROOT_CLASS = YES_ERROR;
				CLANG_WARN_QUOTED_INCLUDE_IN_FRAMEWORK_HEADER = YES;
				CLANG_WARN_RANGE_LOOP_ANALYSIS = YES;
				CLANG_WARN_STRICT_PROTOTYPES = YES;
				CLANG_WARN_SUSPICIOUS_MOVE = YES;
				CLANG_WARN_UNGUARDED_AVAILABILITY = YES_AGGRESSIVE;
				CLANG_WARN_UNREACHABLE_CODE = YES;
				CLANG_WARN__DUPLICATE_METHOD_MATCH = YES;
				COPY_PHASE_STRIP = NO;
				DEBUG_INFORMATION_FORMAT = dwarf;
				ENABLE_STRICT_OBJC_MSGSEND = YES;
				ENABLE_TESTABILITY = YES;
				GCC_C_LANGUAGE_STANDARD = gnu11;
				GCC_DYNAMIC_NO_PIC = NO;
				GCC_NO_COMMON_BLOCKS = YES;
				GCC_OPTIMIZATION_LEVEL = 0;
				GCC_PREPROCESSOR_DEFINITIONS = (
					"DEBUG=1",
					"$(inherited)",
				);
				GCC_WARN_64_TO_32_BIT_CONVERSION = YES;
				GCC_WARN_ABOUT_RETURN_TYPE = YES_ERROR;
				GCC_WARN_UNDECLARED_SELECTOR = YES;
				GCC_WARN_UNINITIALIZED_AUTOS = YES_AGGRESSIVE;
				GCC_WARN_UNUSED_FUNCTION = YES;
				GCC_WARN_UNUSED_VARIABLE = YES;
				IPHONEOS_DEPLOYMENT_TARGET = 14.4;
				MTL_ENABLE_DEBUG_INFO = INCLUDE_SOURCE;
				MTL_FAST_MATH = YES;
				ONLY_ACTIVE_ARCH = YES;
				SDKROOT = iphoneos;
				SWIFT_ACTIVE_COMPILATION_CONDITIONS = DEBUG;
				SWIFT_OPTIMIZATION_LEVEL = "-Onone";
			};
			name = Debug;
		};
		77135215296296CE003CBBFC /* Release */ = {
			isa = XCBuildConfiguration;
			buildSettings = {
				ALWAYS_SEARCH_USER_PATHS = NO;
				CLANG_ANALYZER_NONNULL = YES;
				CLANG_ANALYZER_NUMBER_OBJECT_CONVERSION = YES_AGGRESSIVE;
				CLANG_CXX_LANGUAGE_STANDARD = "gnu++14";
				CLANG_CXX_LIBRARY = "libc++";
				CLANG_ENABLE_MODULES = YES;
				CLANG_ENABLE_OBJC_ARC = YES;
				CLANG_ENABLE_OBJC_WEAK = YES;
				CLANG_WARN_BLOCK_CAPTURE_AUTORELEASING = YES;
				CLANG_WARN_BOOL_CONVERSION = YES;
				CLANG_WARN_COMMA = YES;
				CLANG_WARN_CONSTANT_CONVERSION = YES;
				CLANG_WARN_DEPRECATED_OBJC_IMPLEMENTATIONS = YES;
				CLANG_WARN_DIRECT_OBJC_ISA_USAGE = YES_ERROR;
				CLANG_WARN_DOCUMENTATION_COMMENTS = YES;
				CLANG_WARN_EMPTY_BODY = YES;
				CLANG_WARN_ENUM_CONVERSION = YES;
				CLANG_WARN_INFINITE_RECURSION = YES;
				CLANG_WARN_INT_CONVERSION = YES;
				CLANG_WARN_NON_LITERAL_NULL_CONVERSION = YES;
				CLANG_WARN_OBJC_IMPLICIT_RETAIN_SELF = YES;
				CLANG_WARN_OBJC_LITERAL_CONVERSION = YES;
				CLANG_WARN_OBJC_ROOT_CLASS = YES_ERROR;
				CLANG_WARN_QUOTED_INCLUDE_IN_FRAMEWORK_HEADER = YES;
				CLANG_WARN_RANGE_LOOP_ANALYSIS = YES;
				CLANG_WARN_STRICT_PROTOTYPES = YES;
				CLANG_WARN_SUSPICIOUS_MOVE = YES;
				CLANG_WARN_UNGUARDED_AVAILABILITY = YES_AGGRESSIVE;
				CLANG_WARN_UNREACHABLE_CODE = YES;
				CLANG_WARN__DUPLICATE_METHOD_MATCH = YES;
				COPY_PHASE_STRIP = NO;
				DEBUG_INFORMATION_FORMAT = "dwarf-with-dsym";
				ENABLE_NS_ASSERTIONS = NO;
				ENABLE_STRICT_OBJC_MSGSEND = YES;
				GCC_C_LANGUAGE_STANDARD = gnu11;
				GCC_NO_COMMON_BLOCKS = YES;
				GCC_WARN_64_TO_32_BIT_CONVERSION = YES;
				GCC_WARN_ABOUT_RETURN_TYPE = YES_ERROR;
				GCC_WARN_UNDECLARED_SELECTOR = YES;
				GCC_WARN_UNINITIALIZED_AUTOS = YES_AGGRESSIVE;
				GCC_WARN_UNUSED_FUNCTION = YES;
				GCC_WARN_UNUSED_VARIABLE = YES;
				IPHONEOS_DEPLOYMENT_TARGET = 14.4;
				MTL_ENABLE_DEBUG_INFO = NO;
				MTL_FAST_MATH = YES;
				SDKROOT = iphoneos;
				SWIFT_COMPILATION_MODE = wholemodule;
				SWIFT_OPTIMIZATION_LEVEL = "-O";
				VALIDATE_PRODUCT = YES;
			};
			name = Release;
		};
		77135217296296CE003CBBFC /* Debug */ = {
			isa = XCBuildConfiguration;
			buildSettings = {
				ASSETCATALOG_COMPILER_APPICON_NAME = AppIcon;
				ASSETCATALOG_COMPILER_GLOBAL_ACCENT_COLOR_NAME = AccentColor;
				CODE_SIGN_STYLE = Automatic;
				INFOPLIST_FILE = FourSquareApp/Info.plist;
				LD_RUNPATH_SEARCH_PATHS = (
					"$(inherited)",
					"@executable_path/Frameworks",
				);
				PRODUCT_BUNDLE_IDENTIFIER = Mundaragi.FourSquareApp;
				PRODUCT_NAME = "$(TARGET_NAME)";
				SWIFT_VERSION = 5.0;
				TARGETED_DEVICE_FAMILY = "1,2";
			};
			name = Debug;
		};
		77135218296296CE003CBBFC /* Release */ = {
			isa = XCBuildConfiguration;
			buildSettings = {
				ASSETCATALOG_COMPILER_APPICON_NAME = AppIcon;
				ASSETCATALOG_COMPILER_GLOBAL_ACCENT_COLOR_NAME = AccentColor;
				CODE_SIGN_STYLE = Automatic;
				INFOPLIST_FILE = FourSquareApp/Info.plist;
				LD_RUNPATH_SEARCH_PATHS = (
					"$(inherited)",
					"@executable_path/Frameworks",
				);
				PRODUCT_BUNDLE_IDENTIFIER = Mundaragi.FourSquareApp;
				PRODUCT_NAME = "$(TARGET_NAME)";
				SWIFT_VERSION = 5.0;
				TARGETED_DEVICE_FAMILY = "1,2";
			};
			name = Release;
		};
/* End XCBuildConfiguration section */

/* Begin XCConfigurationList section */
		771351FD296296CD003CBBFC /* Build configuration list for PBXProject "FourSquareApp" */ = {
			isa = XCConfigurationList;
			buildConfigurations = (
				77135214296296CE003CBBFC /* Debug */,
				77135215296296CE003CBBFC /* Release */,
			);
			defaultConfigurationIsVisible = 0;
			defaultConfigurationName = Release;
		};
		77135216296296CE003CBBFC /* Build configuration list for PBXNativeTarget "FourSquareApp" */ = {
			isa = XCConfigurationList;
			buildConfigurations = (
				77135217296296CE003CBBFC /* Debug */,
				77135218296296CE003CBBFC /* Release */,
			);
			defaultConfigurationIsVisible = 0;
			defaultConfigurationName = Release;
		};
/* End XCConfigurationList section */
	};
	rootObject = 771351FA296296CD003CBBFC /* Project object */;
}
